# This file is machine-generated by `gh actions-lock`.
# Do not edit by hand; run `gh actions-lock` to update.
# Docs: https://gh.io/actions-lockfile
version: 'v0.0.2'
workflows:
    '.github/workflows/ci.yml':
        - 'actions/cache@v6.1.0'
        - 'actions/checkout@v7.0.1'
        - 'actions/download-artifact@v8.0.1'
        - 'actions/setup-node@v7.0.0'
        - 'actions/upload-artifact@v7.0.1'
        - 'dawidd6/action-download-artifact@v3.1.4'
        - 'kesin11/actions-timeline@v3.2.0'
        - 'marocchino/sticky-pull-request-comment@v3.0.5'
    '.github/workflows/deps-dependabot-auto-merge.yml':
        - 'dependabot/fetch-metadata@v3.1.0'
    '.github/workflows/deps-vulnerability-check.yml':
        - 'actions/checkout@v7.0.1'
        - 'actions/dependency-review-action@v5.0.0'
    '.github/workflows/notify-bridgy-fed.yml':
        - 'actions/checkout@v7.0.1'
    '.github/workflows/pr-auto-approve-by-label.yml':
        - 'actions/github-script@v9.0.0'
    '.github/workflows/pr-dependency-graph-report.yml':
        - 'actions/checkout@v7.0.1'
        - 'actions/download-artifact@v8.0.1'
        - 'actions/github-script@v9.0.0'
        - 'actions/setup-node@v7.0.0'
        - 'actions/upload-artifact@v7.0.1'
    '.github/workflows/pr-validation.yml':
        - 'actions/cache@v6.1.0'
        - 'actions/checkout@v7.0.1'
        - 'actions/setup-go@v7.0.0'
        - 'actions/setup-node@v7.0.0'
    '.github/workflows/scheduled-npm-dependencies-update.yml':
        - 'actions/checkout@v7.0.1'
        - 'actions/setup-node@v7.0.0'
        - 'peter-evans/create-pull-request@v8.1.1'
    '.github/workflows/scheduled-submodule-update.yml':
        - 'actions/checkout@v7.0.1'
    '.github/workflows/vrt.yml':
        - 'actions/cache@v6.1.0'
        - 'actions/checkout@v7.0.1'
        - 'actions/setup-node@v7.0.0'
        - 'actions/upload-artifact@v7.0.1'
        - 'dawidd6/action-download-artifact@v3.1.4'
        - 'kesin11/actions-timeline@v3.2.0'
        - 'marocchino/sticky-pull-request-comment@v3.0.5'
dependencies:
    'actions/cache@v6.1.0':
        ref: 'v6.1.0'
        commit: 'sha1-55cc8345863c7cc4c66a329aec7e433d2d1c52a9'
        owner_id: 44036562
        repo_id: 215566462
    'actions/checkout@v7.0.1':
        ref: 'v7.0.1'
        commit: 'sha1-3d3c42e5aac5ba805825da76410c181273ba90b1'
        owner_id: 44036562
        repo_id: 197814629
    'actions/dependency-review-action@v5.0.0':
        ref: 'v5.0.0'
        commit: 'sha1-a1d282b36b6f3519aa1f3fc636f609c47dddb294'
        owner_id: 44036562
        repo_id: 476372928
    'actions/download-artifact@v8.0.1':
        ref: 'v8.0.1'
        commit: 'sha1-3e5f45b2cfb9172054b4087a40e8e0b5a5461e7c'
        owner_id: 44036562
        repo_id: 192626254
    'actions/github-script@v9.0.0':
        ref: 'v9.0.0'
        commit: 'sha1-3a2844b7e9c422d3c10d287c895573f7108da1b3'
        owner_id: 44036562
        repo_id: 205262760
    'actions/setup-go@v7.0.0':
        ref: 'v7.0.0'
        commit: 'sha1-b7ad1dad31e06c5925ef5d2fc7ad053ef454303e'
        owner_id: 44036562
        repo_id: 192624594
    'actions/setup-node@v7.0.0':
        ref: 'v7.0.0'
        commit: 'sha1-820762786026740c76f36085b0efc47a31fe5020'
        owner_id: 44036562
        repo_id: 189476904
    'actions/upload-artifact@v7.0.1':
        ref: 'v7.0.1'
        commit: 'sha1-043fb46d1a93c77aae656e7c1c64a875d1fc6a0a'
        owner_id: 44036562
        repo_id: 192625955
    'dawidd6/action-download-artifact@v3.1.4':
        ref: 'v3.1.4'
        commit: 'sha1-d63b86af1b34672e53c440b1b83979861906bad7'
        owner_id: 9713907
        repo_id: 239218448
    'dependabot/fetch-metadata@v3.1.0':
        ref: 'v3.1.0'
        commit: 'sha1-25dd0e34f4fe68f24cc83900b1fe3fe149efef98'
        owner_id: 27347476
        repo_id: 371068214
    'kesin11/actions-timeline@v3.2.0':
        ref: 'v3.2.0'
        commit: 'sha1-57fc93f20c6da7fbc14063c6d24a2a5627c799ad'
        owner_id: 1324862
        repo_id: 681708168
    'marocchino/sticky-pull-request-comment@v3.0.5':
        ref: 'v3.0.5'
        commit: 'sha1-5770ad5eb8f42dd2c4f34da00c94c5381e49af88'
        owner_id: 128431
        repo_id: 223043916
    'peter-evans/create-pull-request@v8.1.1':
        ref: 'v8.1.1'
        commit: 'sha1-5f6978faf089d4d20b00c7766989d076bb2fc7f1'
        owner_id: 18365890
        repo_id: 197176365
